
Microsoft Visual Studio Solution File, Format Version 12.00
# Visual Studio Version 16
VisualStudioVersion = 16.0.29911.84
MinimumVisualStudioVersion = 10.0.40219.1
Project("{FAE04EC0-301F-11D3-BF4B-00C04F79EFBC}") = "sinema_otomasyon", "sinema_otomasyon\sinema_otomasyon.csproj", "{046828F1-7E23-415B-80FE-06061F8A84A4}"
EndProject
Global
	GlobalSection(SolutionConfigurationPlatforms) = preSolution
		Debug|Any CPU = Debug|Any CPU
		Release|Any CPU = Release|Any CPU
	EndGlobalSection
	GlobalSection(ProjectConfigurationPlatforms) = postSolution
		{046828F1-7E23-415B-80FE-06061F8A84A4}.Debug|Any CPU.ActiveCfg = Debug|Any CPU
		{046828F1-7E23-415B-80FE-06061F8A84A4}.Debug|Any CPU.Build.0 = Debug|Any CPU
		{046828F1-7E23-415B-80FE-06061F8A84A4}.Release|Any CPU.ActiveCfg = Release|Any CPU
		{046828F1-7E23-415B-80FE-06061F8A84A4}.Release|Any CPU.Build.0 = Release|Any CPU
	EndGlobalSection
	GlobalSection(SolutionProperties) = preSolution
		HideSolutionNode = FALSE
	EndGlobalSection
	GlobalSection(ExtensibilityGlobals) = postSolution
		SolutionGuid = {534D54FB-24AD-4D75-BC97-2E5549F5CBFA}
	EndGlobalSection
EndGlobal
